
Microsoft Visual Studio Solution File, Format Version 12.00
# Visual Studio Version 17
VisualStudioVersion = 17.7.34031.279
MinimumVisualStudioVersion = 10.0.40219.1
Project("{FAE04EC0-301F-11D3-BF4B-00C04F79EFBC}") = "MappingJsonToDto", "MappingJsonToDto\MappingJsonToDto.csproj", "{414F81CB-4F94-41AC-92C3-79649B569C16}"
EndProject
Global
	GlobalSection(SolutionConfigurationPlatforms) = preSolution
		Debug|Any CPU = Debug|Any CPU
		Release|Any CPU = Release|Any CPU
	EndGlobalSection
	GlobalSection(ProjectConfigurationPlatforms) = postSolution
		{414F81CB-4F94-41AC-92C3-79649B569C16}.Debug|Any CPU.ActiveCfg = Debug|Any CPU
		{414F81CB-4F94-41AC-92C3-79649B569C16}.Debug|Any CPU.Build.0 = Debug|Any CPU
		{414F81CB-4F94-41AC-92C3-79649B569C16}.Release|Any CPU.ActiveCfg = Release|Any CPU
		{414F81CB-4F94-41AC-92C3-79649B569C16}.Release|Any CPU.Build.0 = Release|Any CPU
	EndGlobalSection
	GlobalSection(SolutionProperties) = preSolution
		HideSolutionNode = FALSE
	EndGlobalSection
	GlobalSection(ExtensibilityGlobals) = postSolution
		SolutionGuid = {FCB72427-6210-49E9-91A1-1BD5C8FF8E24}
	EndGlobalSection
EndGlobal
